// !$*UTF8*$!
{
	archiveVersion = 1;
	classes = {
	};
	objectVersion = 50;
	objects = {

/* Begin PBXBuildFile section */
		9464E49C2183F15C00B34C52 /* AppDelegate.swift in Sources */ = {isa = PBXBuildFile; fileRef = 9464E49B2183F15C00B34C52 /* AppDelegate.swift */; };
		9464E49E2183F15C00B34C52 /* ViewController.swift in Sources */ = {isa = PBXBuildFile; fileRef = 9464E49D2183F15C00B34C52 /* ViewController.swift */; };
		9464E4A12183F15C00B34C52 /* Main.storyboard in Resources */ = {isa = PBXBuildFile; fileRef = 9464E49F2183F15C00B34C52 /* Main.storyboard */; };
		9464E4A32183F16600B34C52 /* Assets.xcassets in Resources */ = {isa = PBXBuildFile; fileRef = 9464E4A22183F16600B34C52 /* Assets.xcassets */; };
		9464E4A62183F16600B34C52 /* LaunchScreen.storyboard in Resources */ = {isa = PBXBuildFile; fileRef = 9464E4A42183F16600B34C52 /* LaunchScreen.storyboard */; };
		9464E4B12183F16600B34C52 /* ______Tests.swift in Sources */ = {isa = PBXBuildFile; fileRef = 9464E4B02183F16600B34C52 /* ______Tests.swift */; };
		9464E4BC2183F16600B34C52 /* ______UITests.swift in Sources */ = {isa = PBXBuildFile; fileRef = 9464E4BB2183F16600B34C52 /* ______UITests.swift */; };
/* End PBXBuildFile section */

/* Begin PBXContainerItemProxy section */
		9464E4AD2183F16600B34C52 /* PBXContainerItemProxy */ = {
			isa = PBXContainerItemProxy;
			containerPortal = 9464E4902183F15C00B34C52 /* Project object */;
			proxyType = 1;
			remoteGlobalIDString = 9464E4972183F15C00B34C52;
			remoteInfo = "来来来计算器";
		};
		9464E4B82183F16600B34C52 /* PBXContainerItemProxy */ = {
			isa = PBXContainerItemProxy;
			containerPortal = 9464E4902183F15C00B34C52 /* Project object */;
			proxyType = 1;
			remoteGlobalIDString = 9464E4972183F15C00B34C52;
			remoteInfo = "来来来计算器";
		};
/* End PBXContainerItemProxy section */

/* Begin PBXFileReference section */
		9464E4982183F15C00B34C52 /* 来来来计算器.app */ = {isa = PBXFileReference; explicitFileType = wrapper.application; includeInIndex = 0; path = "来来来计算器.app"; sourceTree = BUILT_PRODUCTS_DIR; };
		9464E49B2183F15C00B34C52 /* AppDelegate.swift */ = {isa = PBXFileReference; lastKnownFileType = sourcecode.swift; path = AppDelegate.swift; sourceTree = "<group>"; };
		9464E49D2183F15C00B34C52 /* ViewController.swift */ = {isa = PBXFileReference; lastKnownFileType = sourcecode.swift; path = ViewController.swift; sourceTree = "<group>"; };
		9464E4A02183F15C00B34C52 /* Base */ = {isa = PBXFileReference; lastKnownFileType = file.storyboard; name = Base; path = Base.lproj/Main.storyboard; sourceTree = "<group>"; };
		9464E4A22183F16600B34C52 /* Assets.xcassets */ = {isa = PBXFileReference; lastKnownFileType = folder.assetcatalog; path = Assets.xcassets; sourceTree = "<group>"; };
		9464E4A52183F16600B34C52 /* Base */ = {isa = PBXFileReference; lastKnownFileType = file.storyboard; name = Base; path = Base.lproj/LaunchScreen.storyboard; sourceTree = "<group>"; };
		9464E4A72183F16600B34C52 /* Info.plist */ = {isa = PBXFileReference; lastKnownFileType = text.plist.xml; path = Info.plist; sourceTree = "<group>"; };
		9464E4AC2183F16600B34C52 /* 来来来计算器Tests.xctest */ = {isa = PBXFileReference; explicitFileType = wrapper.cfbundle; includeInIndex = 0; path = "来来来计算器Tests.xctest"; sourceTree = BUILT_PRODUCTS_DIR; };
		9464E4B02183F16600B34C52 /* ______Tests.swift */ = {isa = PBXFileReference; lastKnownFileType = sourcecode.swift; path = "______Tests.swift"; sourceTree = "<group>"; };
		9464E4B22183F16600B34C52 /* Info.plist */ = {isa = PBXFileReference; lastKnownFileType = text.plist.xml; path = Info.plist; sourceTree = "<group>"; };
		9464E4B72183F16600B34C52 /* 来来来计算器UITests.xctest */ = {isa = PBXFileReference; explicitFileType = wrapper.cfbundle; includeInIndex = 0; path = "来来来计算器UITests.xctest"; sourceTree = BUILT_PRODUCTS_DIR; };
		9464E4BB2183F16600B34C52 /* ______UITests.swift */ = {isa = PBXFileReference; lastKnownFileType = sourcecode.swift; path = "______UITests.swift"; sourceTree = "<group>"; };
		9464E4BD2183F16600B34C52 /* Info.plist */ = {isa = PBXFileReference; lastKnownFileType = text.plist.xml; path = Info.plist; sourceTree = "<group>"; };
/* End PBXFileReference section */

/* Begin PBXFrameworksBuildPhase section */
		9464E4952183F15C00B34C52 /* Frameworks */ = {
			isa = PBXFrameworksBuildPhase;
			buildActionMask = 2147483647;
			files = (
			);
			runOnlyForDeploymentPostprocessing = 0;
		};
		9464E4A92183F16600B34C52 /* Frameworks */ = {
			isa = PBXFrameworksBuildPhase;
			buildActionMask = 2147483647;
			files = (
			);
			runOnlyForDeploymentPostprocessing = 0;
		};
		9464E4B42183F16600B34C52 /* Frameworks */ = {
			isa = PBXFrameworksBuildPhase;
			buildActionMask = 2147483647;
			files = (
			);
			runOnlyForDeploymentPostprocessing = 0;
		};
/* End PBXFrameworksBuildPhase section */

/* Begin PBXGroup section */
		9464E48F2183F15C00B34C52 = {
			isa = PBXGroup;
			children = (
				9464E49A2183F15C00B34C52 /* 来来来计算器 */,
				9464E4AF2183F16600B34C52 /* 来来来计算器Tests */,
				9464E4BA2183F16600B34C52 /* 来来来计算器UITests */,
				9464E4992183F15C00B34C52 /* Products */,
			);
			sourceTree = "<group>";
		};
		9464E4992183F15C00B34C52 /* Products */ = {
			isa = PBXGroup;
			children = (
				9464E4982183F15C00B34C52 /* 来来来计算器.app */,
				9464E4AC2183F16600B34C52 /* 来来来计算器Tests.xctest */,
				9464E4B72183F16600B34C52 /* 来来来计算器UITests.xctest */,
			);
			name = Products;
			sourceTree = "<group>";
		};
		9464E49A2183F15C00B34C52 /* 来来来计算器 */ = {
			isa = PBXGroup;
			children = (
				9464E49B2183F15C00B34C52 /* AppDelegate.swift */,
				9464E49D2183F15C00B34C52 /* ViewController.swift */,
				9464E49F2183F15C00B34C52 /* Main.storyboard */,
				9464E4A22183F16600B34C52 /* Assets.xcassets */,
				9464E4A42183F16600B34C52 /* LaunchScreen.storyboard */,
				9464E4A72183F16600B34C52 /* Info.plist */,
			);
			path = "来来来计算器";
			sourceTree = "<group>";
		};
		9464E4AF2183F16600B34C52 /* 来来来计算器Tests */ = {
			isa = PBXGroup;
			children = (
				9464E4B02183F16600B34C52 /* ______Tests.swift */,
				9464E4B22183F16600B34C52 /* Info.plist */,
			);
			path = "来来来计算器Tests";
			sourceTree = "<group>";
		};
		9464E4BA2183F16600B34C52 /* 来来来计算器UITests */ = {
			isa = PBXGroup;
			children = (
				9464E4BB2183F16600B34C52 /* ______UITests.swift */,
				9464E4BD2183F16600B34C52 /* Info.plist */,
			);
			path = "来来来计算器UITests";
			sourceTree = "<group>";
		};
/* End PBXGroup section */

/* Begin PBXNativeTarget section */
		9464E4972183F15C00B34C52 /* 来来来计算器 */ = {
			isa = PBXNativeTarget;
			buildConfigurationList = 9464E4C02183F16600B34C52 /* Build configuration list for PBXNativeTarget "来来来计算器" */;
			buildPhases = (
				9464E4942183F15C00B34C52 /* Sources */,
				9464E4952183F15C00B34C52 /* Frameworks */,
				9464E4962183F15C00B34C52 /* Resources */,
			);
			buildRules = (
			);
			dependencies = (
			);
			name = "来来来计算器";
			productName = "来来来计算器";
			productReference = 9464E4982183F15C00B34C52 /* 来来来计算器.app */;
			productType = "com.apple.product-type.application";
		};
		9464E4AB2183F16600B34C52 /* 来来来计算器Tests */ = {
			isa = PBXNativeTarget;
			buildConfigurationList = 9464E4C32183F16600B34C52 /* Build configuration list for PBXNativeTarget "来来来计算器Tests" */;
			buildPhases = (
				9464E4A82183F16600B34C52 /* Sources */,
				9464E4A92183F16600B34C52 /* Frameworks */,
				9464E4AA2183F16600B34C52 /* Resources */,
			);
			buildRules = (
			);
			dependencies = (
				9464E4AE2183F16600B34C52 /* PBXTargetDependency */,
			);
			name = "来来来计算器Tests";
			productName = "来来来计算器Tests";
			productReference = 9464E4AC2183F16600B34C52 /* 来来来计算器Tests.xctest */;
			productType = "com.apple.product-type.bundle.unit-test";
		};
		9464E4B62183F16600B34C52 /* 来来来计算器UITests */ = {
			isa = PBXNativeTarget;
			buildConfigurationList = 9464E4C62183F16600B34C52 /* Build configuration list for PBXNativeTarget "来来来计算器UITests" */;
			buildPhases = (
				9464E4B32183F16600B34C52 /* Sources */,
				9464E4B42183F16600B34C52 /* Frameworks */,
				9464E4B52183F16600B34C52 /* Resources */,
			);
			buildRules = (
			);
			dependencies = (
				9464E4B92183F16600B34C52 /* PBXTargetDependency */,
			);
			name = "来来来计算器UITests";
			productName = "来来来计算器UITests";
			productReference = 9464E4B72183F16600B34C52 /* 来来来计算器UITests.xctest */;
			productType = "com.apple.product-type.bundle.ui-testing";
		};
/* End PBXNativeTarget section */

/* Begin PBXProject section */
		9464E4902183F15C00B34C52 /* Project object */ = {
			isa = PBXProject;
			attributes = {
				LastSwiftUpdateCheck = 1000;
				LastUpgradeCheck = 1000;
				ORGANIZATIONNAME = s20171106185;
				TargetAttributes = {
					9464E4972183F15C00B34C52 = {
						CreatedOnToolsVersion = 10.0;
					};
					9464E4AB2183F16600B34C52 = {
						CreatedOnToolsVersion = 10.0;
						TestTargetID = 9464E4972183F15C00B34C52;
					};
					9464E4B62183F16600B34C52 = {
						CreatedOnToolsVersion = 10.0;
						TestTargetID = 9464E4972183F15C00B34C52;
					};
				};
			};
			buildConfigurationList = 9464E4932183F15C00B34C52 /* Build configuration list for PBXProject "来来来计算器" */;
			compatibilityVersion = "Xcode 9.3";
			developmentRegion = en;
			hasScannedForEncodings = 0;
			knownRegions = (
				en,
				Base,
			);
			mainGroup = 9464E48F2183F15C00B34C52;
			productRefGroup = 9464E4992183F15C00B34C52 /* Products */;
			projectDirPath = "";
			projectRoot = "";
			targets = (
				9464E4972183F15C00B34C52 /* 来来来计算器 */,
				9464E4AB2183F16600B34C52 /* 来来来计算器Tests */,
				9464E4B62183F16600B34C52 /* 来来来计算器UITests */,
			);
		};
/* End PBXProject section */

/* Begin PBXResourcesBuildPhase section */
		9464E4962183F15C00B34C52 /* Resources */ = {
			isa = PBXResourcesBuildPhase;
			buildActionMask = 2147483647;
			files = (
				9464E4A62183F16600B34C52 /* LaunchScreen.storyboard in Resources */,
				9464E4A32183F16600B34C52 /* Assets.xcassets in Resources */,
				9464E4A12183F15C00B34C52 /* Main.storyboard in Resources */,
			);
			runOnlyForDeploymentPostprocessing = 0;
		};
		9464E4AA2183F16600B34C52 /* Resources */ = {
			isa = PBXResourcesBuildPhase;
			buildActionMask = 2147483647;
			files = (
			);
			runOnlyForDeploymentPostprocessing = 0;
		};
		9464E4B52183F16600B34C52 /* Resources */ = {
			isa = PBXResourcesBuildPhase;
			buildActionMask = 2147483647;
			files = (
			);
			runOnlyForDeploymentPostprocessing = 0;
		};
/* End PBXResourcesBuildPhase section */

/* Begin PBXSourcesBuildPhase section */
		9464E4942183F15C00B34C52 /* Sources */ = {
			isa = PBXSourcesBuildPhase;
			buildActionMask = 2147483647;
			files = (
				9464E49E2183F15C00B34C52 /* ViewController.swift in Sources */,
				9464E49C2183F15C00B34C52 /* AppDelegate.swift in Sources */,
			);
			runOnlyForDeploymentPostprocessing = 0;
		};
		9464E4A82183F16600B34C52 /* Sources */ = {
			isa = PBXSourcesBuildPhase;
			buildActionMask = 2147483647;
			files = (
				9464E4B12183F16600B34C52 /* ______Tests.swift in Sources */,
			);
			runOnlyForDeploymentPostprocessing = 0;
		};
		9464E4B32183F16600B34C52 /* Sources */ = {
			isa = PBXSourcesBuildPhase;
			buildActionMask = 2147483647;
			files = (
				9464E4BC2183F16600B34C52 /* ______UITests.swift in Sources */,
			);
			runOnlyForDeploymentPostprocessing = 0;
		};
/* End PBXSourcesBuildPhase section */

/* Begin PBXTargetDependency section */
		9464E4AE2183F16600B34C52 /* PBXTargetDependency */ = {
			isa = PBXTargetDependency;
			target = 9464E4972183F15C00B34C52 /* 来来来计算器 */;
			targetProxy = 9464E4AD2183F16600B34C52 /* PBXContainerItemProxy */;
		};
		9464E4B92183F16600B34C52 /* PBXTargetDependency */ = {
			isa = PBXTargetDependency;
			target = 9464E4972183F15C00B34C52 /* 来来来计算器 */;
			targetProxy = 9464E4B82183F16600B34C52 /* PBXContainerItemProxy */;
		};
/* End PBXTargetDependency section */

/* Begin PBXVariantGroup section */
		9464E49F2183F15C00B34C52 /* Main.storyboard */ = {
			isa = PBXVariantGroup;
			children = (
				9464E4A02183F15C00B34C52 /* Base */,
			);
			name = Main.storyboard;
			sourceTree = "<group>";
		};
		9464E4A42183F16600B34C52 /* LaunchScreen.storyboard */ = {
			isa = PBXVariantGroup;
			children = (
				9464E4A52183F16600B34C52 /* Base */,
			);
			name = LaunchScreen.storyboard;
			sourceTree = "<group>";
		};
/* End PBXVariantGroup section */

/* Begin XCBuildConfiguration section */
		9464E4BE2183F16600B34C52 /* Debug */ = {
			isa = XCBuildConfiguration;
			buildSettings = {
				ALWAYS_SEARCH_USER_PATHS = NO;
				CLANG_ANALYZER_NONNULL = YES;
				CLANG_ANALYZER_NUMBER_OBJECT_CONVERSION = YES_AGGRESSIVE;
				CLANG_CXX_LANGUAGE_STANDARD = "gnu++14";
				CLANG_CXX_LIBRARY = "libc++";
				CLANG_ENABLE_MODULES = YES;
				CLANG_ENABLE_OBJC_ARC = YES;
				CLANG_ENABLE_OBJC_WEAK = YES;
				CLANG_WARN_BLOCK_CAPTURE_AUTORELEASING = YES;
				CLANG_WARN_BOOL_CONVERSION = YES;
				CLANG_WARN_COMMA = YES;
				CLANG_WARN_CONSTANT_CONVERSION = YES;
				CLANG_WARN_DEPRECATED_OBJC_IMPLEMENTATIONS = YES;
				CLANG_WARN_DIRECT_OBJC_ISA_USAGE = YES_ERROR;
				CLANG_WARN_DOCUMENTATION_COMMENTS = YES;
				CLANG_WARN_EMPTY_BODY = YES;
				CLANG_WARN_ENUM_CONVERSION = YES;
				CLANG_WARN_INFINITE_RECURSION = YES;
				CLANG_WARN_INT_CONVERSION = YES;
				CLANG_WARN_NON_LITERAL_NULL_CONVERSION = YES;
				CLANG_WARN_OBJC_IMPLICIT_RETAIN_SELF = YES;
				CLANG_WARN_OBJC_LITERAL_CONVERSION = YES;
				CLANG_WARN_OBJC_ROOT_CLASS = YES_ERROR;
				CLANG_WARN_RANGE_LOOP_ANALYSIS = YES;
				CLANG_WARN_STRICT_PROTOTYPES = YES;
				CLANG_WARN_SUSPICIOUS_MOVE = YES;
				CLANG_WARN_UNGUARDED_AVAILABILITY = YES_AGGRESSIVE;
				CLANG_WARN_UNREACHABLE_CODE = YES;
				CLANG_WARN__DUPLICATE_METHOD_MATCH = YES;
				CODE_SIGN_IDENTITY = "iPhone Developer";
				COPY_PHASE_STRIP = NO;
				DEBUG_INFORMATION_FORMAT = dwarf;
				ENABLE_STRICT_OBJC_MSGSEND = YES;
				ENABLE_TESTABILITY = YES;
				GCC_C_LANGUAGE_STANDARD = gnu11;
				GCC_DYNAMIC_NO_PIC = NO;
				GCC_NO_COMMON_BLOCKS = YES;
				GCC_OPTIMIZATION_LEVEL = 0;
				GCC_PREPROCESSOR_DEFINITIONS = (
					"DEBUG=1",
					"$(inherited)",
				);
				GCC_WARN_64_TO_32_BIT_CONVERSION = YES;
				GCC_WARN_ABOUT_RETURN_TYPE = YES_ERROR;
				GCC_WARN_UNDECLARED_SELECTOR = YES;
				GCC_WARN_UNINITIALIZED_AUTOS = YES_AGGRESSIVE;
				GCC_WARN_UNUSED_FUNCTION = YES;
				GCC_WARN_UNUSED_VARIABLE = YES;
				IPHONEOS_DEPLOYMENT_TARGET = 12.0;
				MTL_ENABLE_DEBUG_INFO = INCLUDE_SOURCE;
				MTL_FAST_MATH = YES;
				ONLY_ACTIVE_ARCH = YES;
				SDKROOT = iphoneos;
				SWIFT_ACTIVE_COMPILATION_CONDITIONS = DEBUG;
				SWIFT_OPTIMIZATION_LEVEL = "-Onone";
			};
			name = Debug;
		};
		9464E4BF2183F16600B34C52 /* Release */ = {
			isa = XCBuildConfiguration;
			buildSettings = {
				ALWAYS_SEARCH_USER_PATHS = NO;
				CLANG_ANALYZER_NONNULL = YES;
				CLANG_ANALYZER_NUMBER_OBJECT_CONVERSION = YES_AGGRESSIVE;
				CLANG_CXX_LANGUAGE_STANDARD = "gnu++14";
				CLANG_CXX_LIBRARY = "libc++";
				CLANG_ENABLE_MODULES = YES;
				CLANG_ENABLE_OBJC_ARC = YES;
				CLANG_ENABLE_OBJC_WEAK = YES;
				CLANG_WARN_BLOCK_CAPTURE_AUTORELEASING = YES;
				CLANG_WARN_BOOL_CONVERSION = YES;
				CLANG_WARN_COMMA = YES;
				CLANG_WARN_CONSTANT_CONVERSION = YES;
				CLANG_WARN_DEPRECATED_OBJC_IMPLEMENTATIONS = YES;
				CLANG_WARN_DIRECT_OBJC_ISA_USAGE = YES_ERROR;
				CLANG_WARN_DOCUMENTATION_COMMENTS = YES;
				CLANG_WARN_EMPTY_BODY = YES;
				CLANG_WARN_ENUM_CONVERSION = YES;
				CLANG_WARN_INFINITE_RECURSION = YES;
				CLANG_WARN_INT_CONVERSION = YES;
				CLANG_WARN_NON_LITERAL_NULL_CONVERSION = YES;
				CLANG_WARN_OBJC_IMPLICIT_RETAIN_SELF = YES;
				CLANG_WARN_OBJC_LITERAL_CONVERSION = YES;
				CLANG_WARN_OBJC_ROOT_CLASS = YES_ERROR;
				CLANG_WARN_RANGE_LOOP_ANALYSIS = YES;
				CLANG_WARN_STRICT_PROTOTYPES = YES;
				CLANG_WARN_SUSPICIOUS_MOVE = YES;
				CLANG_WARN_UNGUARDED_AVAILABILITY = YES_AGGRESSIVE;
				CLANG_WARN_UNREACHABLE_CODE = YES;
				CLANG_WARN__DUPLICATE_METHOD_MATCH = YES;
				CODE_SIGN_IDENTITY = "iPhone Developer";
				COPY_PHASE_STRIP = NO;
				DEBUG_INFORMATION_FORMAT = "dwarf-with-dsym";
				ENABLE_NS_ASSERTIONS = NO;
				ENABLE_STRICT_OBJC_MSGSEND = YES;
				GCC_C_LANGUAGE_STANDARD = gnu11;
				GCC_NO_COMMON_BLOCKS = YES;
				GCC_WARN_64_TO_32_BIT_CONVERSION = YES;
				GCC_WARN_ABOUT_RETURN_TYPE = YES_ERROR;
				GCC_WARN_UNDECLARED_SELECTOR = YES;
				GCC_WARN_UNINITIALIZED_AUTOS = YES_AGGRESSIVE;
				GCC_WARN_UNUSED_FUNCTION = YES;
				GCC_WARN_UNUSED_VARIABLE = YES;
				IPHONEOS_DEPLOYMENT_TARGET = 12.0;
				MTL_ENABLE_DEBUG_INFO = NO;
				MTL_FAST_MATH = YES;
				SDKROOT = iphoneos;
				SWIFT_COMPILATION_MODE = wholemodule;
				SWIFT_OPTIMIZATION_LEVEL = "-O";
				VALIDATE_PRODUCT = YES;
			};
			name = Release;
		};
		9464E4C12183F16600B34C52 /* Debug */ = {
			isa = XCBuildConfiguration;
			buildSettings = {
				ASSETCATALOG_COMPILER_APPICON_NAME = AppIcon;
				CODE_SIGN_STYLE = Automatic;
				INFOPLIST_FILE = "来来来计算器/Info.plist";
				LD_RUNPATH_SEARCH_PATHS = (
					"$(inherited)",
					"@executable_path/Frameworks",
				);
				PRODUCT_BUNDLE_IDENTIFIER = "lll.------";
				PRODUCT_NAME = "$(TARGET_NAME)";
				SWIFT_VERSION = 4.2;
				TARGETED_DEVICE_FAMILY = "1,2";
			};
			name = Debug;
		};
		9464E4C22183F16600B34C52 /* Release */ = {
			isa = XCBuildConfiguration;
			buildSettings = {
				ASSETCATALOG_COMPILER_APPICON_NAME = AppIcon;
				CODE_SIGN_STYLE = Automatic;
				INFOPLIST_FILE = "来来来计算器/Info.plist";
				LD_RUNPATH_SEARCH_PATHS = (
					"$(inherited)",
					"@executable_path/Frameworks",
				);
				PRODUCT_BUNDLE_IDENTIFIER = "lll.------";
				PRODUCT_NAME = "$(TARGET_NAME)";
				SWIFT_VERSION = 4.2;
				TARGETED_DEVICE_FAMILY = "1,2";
			};
			name = Release;
		};
		9464E4C42183F16600B34C52 /* Debug */ = {
			isa = XCBuildConfiguration;
			buildSettings = {
				ALWAYS_EMBED_SWIFT_STANDARD_LIBRARIES = YES;
				BUNDLE_LOADER = "$(TEST_HOST)";
				CODE_SIGN_STYLE = Automatic;
				INFOPLIST_FILE = "来来来计算器Tests/Info.plist";
				LD_RUNPATH_SEARCH_PATHS = (
					"$(inherited)",
					"@executable_path/Frameworks",
					"@loader_path/Frameworks",
				);
				PRODUCT_BUNDLE_IDENTIFIER = "lll.------Tests";
				PRODUCT_NAME = "$(TARGET_NAME)";
				SWIFT_VERSION = 4.2;
				TARGETED_DEVICE_FAMILY = "1,2";
				TEST_HOST = "$(BUILT_PRODUCTS_DIR)/来来来计算器.app/来来来计算器";
			};
			name = Debug;
		};
		9464E4C52183F16600B34C52 /* Release */ = {
			isa = XCBuildConfiguration;
			buildSettings = {
				ALWAYS_EMBED_SWIFT_STANDARD_LIBRARIES = YES;
				BUNDLE_LOADER = "$(TEST_HOST)";
				CODE_SIGN_STYLE = Automatic;
				INFOPLIST_FILE = "来来来计算器Tests/Info.plist";
				LD_RUNPATH_SEARCH_PATHS = (
					"$(inherited)",
					"@executable_path/Frameworks",
					"@loader_path/Frameworks",
				);
				PRODUCT_BUNDLE_IDENTIFIER = "lll.------Tests";
				PRODUCT_NAME = "$(TARGET_NAME)";
				SWIFT_VERSION = 4.2;
				TARGETED_DEVICE_FAMILY = "1,2";
				TEST_HOST = "$(BUILT_PRODUCTS_DIR)/来来来计算器.app/来来来计算器";
			};
			name = Release;
		};
		9464E4C72183F16600B34C52 /* Debug */ = {
			isa = XCBuildConfiguration;
			buildSettings = {
				ALWAYS_EMBED_SWIFT_STANDARD_LIBRARIES = YES;
				CODE_SIGN_STYLE = Automatic;
				INFOPLIST_FILE = "来来来计算器UITests/Info.plist";
				LD_RUNPATH_SEARCH_PATHS = (
					"$(inherited)",
					"@executable_path/Frameworks",
					"@loader_path/Frameworks",
				);
				PRODUCT_BUNDLE_IDENTIFIER = "lll.------UITests";
				PRODUCT_NAME = "$(TARGET_NAME)";
				SWIFT_VERSION = 4.2;
				TARGETED_DEVICE_FAMILY = "1,2";
				TEST_TARGET_NAME = "来来来计算器";
			};
			name = Debug;
		};
		9464E4C82183F16600B34C52 /* Release */ = {
			isa = XCBuildConfiguration;
			buildSettings = {
				ALWAYS_EMBED_SWIFT_STANDARD_LIBRARIES = YES;
				CODE_SIGN_STYLE = Automatic;
				INFOPLIST_FILE = "来来来计算器UITests/Info.plist";
				LD_RUNPATH_SEARCH_PATHS = (
					"$(inherited)",
					"@executable_path/Frameworks",
					"@loader_path/Frameworks",
				);
				PRODUCT_BUNDLE_IDENTIFIER = "lll.------UITests";
				PRODUCT_NAME = "$(TARGET_NAME)";
				SWIFT_VERSION = 4.2;
				TARGETED_DEVICE_FAMILY = "1,2";
				TEST_TARGET_NAME = "来来来计算器";
			};
			name = Release;
		};
/* End XCBuildConfiguration section */

/* Begin XCConfigurationList section */
		9464E4932183F15C00B34C52 /* Build configuration list for PBXProject "来来来计算器" */ = {
			isa = XCConfigurationList;
			buildConfigurations = (
				9464E4BE2183F16600B34C52 /* Debug */,
				9464E4BF2183F16600B34C52 /* Release */,
			);
			defaultConfigurationIsVisible = 0;
			defaultConfigurationName = Release;
		};
		9464E4C02183F16600B34C52 /* Build configuration list for PBXNativeTarget "来来来计算器" */ = {
			isa = XCConfigurationList;
			buildConfigurations = (
				9464E4C12183F16600B34C52 /* Debug */,
				9464E4C22183F16600B34C52 /* Release */,
			);
			defaultConfigurationIsVisible = 0;
			defaultConfigurationName = Release;
		};
		9464E4C32183F16600B34C52 /* Build configuration list for PBXNativeTarget "来来来计算器Tests" */ = {
			isa = XCConfigurationList;
			buildConfigurations = (
				9464E4C42183F16600B34C52 /* Debug */,
				9464E4C52183F16600B34C52 /* Release */,
			);
			defaultConfigurationIsVisible = 0;
			defaultConfigurationName = Release;
		};
		9464E4C62183F16600B34C52 /* Build configuration list for PBXNativeTarget "来来来计算器UITests" */ = {
			isa = XCConfigurationList;
			buildConfigurations = (
				9464E4C72183F16600B34C52 /* Debug */,
				9464E4C82183F16600B34C52 /* Release */,
			);
			defaultConfigurationIsVisible = 0;
			defaultConfigurationName = Release;
		};
/* End XCConfigurationList section */
	};
	rootObject = 9464E4902183F15C00B34C52 /* Project object */;
}
